
Microsoft Visual Studio Solution File, Format Version 12.00
# Visual Studio 15
VisualStudioVersion = 15.0.27130.2010
MinimumVisualStudioVersion = 10.0.40219.1
Project("{FAE04EC0-301F-11D3-BF4B-00C04F79EFBC}") = "Fody.PropertyChanged.Deterministic", "Fody.PropertyChanged.Deterministic\Fody.PropertyChanged.Deterministic.csproj", "{7EB9563C-2544-436C-9461-40AE2CFA8D1C}"
EndProject
Project("{FAE04EC0-301F-11D3-BF4B-00C04F79EFBC}") = "ClassLibrary1", "ClassLibrary1\ClassLibrary1.csproj", "{FA737EFF-DF62-46C7-AF7E-0AA736424DF7}"
EndProject
Project("{FAE04EC0-301F-11D3-BF4B-00C04F79EFBC}") = "ClassLibrary2", "ClassLibrary2\ClassLibrary2.csproj", "{2C3D6E7C-2227-43CD-9ED0-1A4D633FB7F6}"
EndProject
Global
	GlobalSection(SolutionConfigurationPlatforms) = preSolution
		Debug|Any CPU = Debug|Any CPU
		Release|Any CPU = Release|Any CPU
	EndGlobalSection
	GlobalSection(ProjectConfigurationPlatforms) = postSolution
		{7EB9563C-2544-436C-9461-40AE2CFA8D1C}.Debug|Any CPU.ActiveCfg = Debug|Any CPU
		{7EB9563C-2544-436C-9461-40AE2CFA8D1C}.Debug|Any CPU.Build.0 = Debug|Any CPU
		{7EB9563C-2544-436C-9461-40AE2CFA8D1C}.Release|Any CPU.ActiveCfg = Release|Any CPU
		{7EB9563C-2544-436C-9461-40AE2CFA8D1C}.Release|Any CPU.Build.0 = Release|Any CPU
		{FA737EFF-DF62-46C7-AF7E-0AA736424DF7}.Debug|Any CPU.ActiveCfg = Debug|Any CPU
		{FA737EFF-DF62-46C7-AF7E-0AA736424DF7}.Debug|Any CPU.Build.0 = Debug|Any CPU
		{FA737EFF-DF62-46C7-AF7E-0AA736424DF7}.Release|Any CPU.ActiveCfg = Release|Any CPU
		{FA737EFF-DF62-46C7-AF7E-0AA736424DF7}.Release|Any CPU.Build.0 = Release|Any CPU
		{2C3D6E7C-2227-43CD-9ED0-1A4D633FB7F6}.Debug|Any CPU.ActiveCfg = Debug|Any CPU
		{2C3D6E7C-2227-43CD-9ED0-1A4D633FB7F6}.Debug|Any CPU.Build.0 = Debug|Any CPU
		{2C3D6E7C-2227-43CD-9ED0-1A4D633FB7F6}.Release|Any CPU.ActiveCfg = Release|Any CPU
		{2C3D6E7C-2227-43CD-9ED0-1A4D633FB7F6}.Release|Any CPU.Build.0 = Release|Any CPU
	EndGlobalSection
	GlobalSection(SolutionProperties) = preSolution
		HideSolutionNode = FALSE
	EndGlobalSection
	GlobalSection(ExtensibilityGlobals) = postSolution
		SolutionGuid = {5D10E968-9079-4EE4-9357-05AA1DB1E792}
	EndGlobalSection
EndGlobal
